// !$*UTF8*$!
{
	archiveVersion = 1;
	classes = {
	};
	objectVersion = 77;
	objects = {

/* Begin PBXContainerItemProxy section */
		5D9D42242DA2FEFD003BB9B6 /* PBXContainerItemProxy */ = {
			isa = PBXContainerItemProxy;
			containerPortal = 5D9D42052DA2FEFC003BB9B6 /* Project object */;
			proxyType = 1;
			remoteGlobalIDString = 5D9D420C2DA2FEFC003BB9B6;
			remoteInfo = CrosswordBR;
		};
		5D9D422E2DA2FEFD003BB9B6 /* PBXContainerItemProxy */ = {
			isa = PBXContainerItemProxy;
			containerPortal = 5D9D42052DA2FEFC003BB9B6 /* Project object */;
			proxyType = 1;
			remoteGlobalIDString = 5D9D420C2DA2FEFC003BB9B6;
			remoteInfo = CrosswordBR;
		};
/* End PBXContainerItemProxy section */

/* Begin PBXFileReference section */
		5D9D420D2DA2FEFC003BB9B6 /* CrosswordBR.app */ = {isa = PBXFileReference; explicitFileType = wrapper.application; includeInIndex = 0; path = CrosswordBR.app; sourceTree = BUILT_PRODUCTS_DIR; };
		5D9D42232DA2FEFD003BB9B6 /* CrosswordBRTests.xctest */ = {isa = PBXFileReference; explicitFileType = wrapper.cfbundle; includeInIndex = 0; path = CrosswordBRTests.xctest; sourceTree = BUILT_PRODUCTS_DIR; };
		5D9D422D2DA2FEFD003BB9B6 /* CrosswordBRUITests.xctest */ = {isa = PBXFileReference; explicitFileType = wrapper.cfbundle; includeInIndex = 0; path = CrosswordBRUITests.xctest; sourceTree = BUILT_PRODUCTS_DIR; };
/* End PBXFileReference section */

/* Begin PBXFileSystemSynchronizedBuildFileExceptionSet section */
		5D9D42352DA2FEFD003BB9B6 /* Exceptions for "CrosswordBR" folder in "CrosswordBR" target */ = {
			isa = PBXFileSystemSynchronizedBuildFileExceptionSet;
			membershipExceptions = (
				Info.plist,
			);
			target = 5D9D420C2DA2FEFC003BB9B6 /* CrosswordBR */;
		};
/* End PBXFileSystemSynchronizedBuildFileExceptionSet section */

/* Begin PBXFileSystemSynchronizedRootGroup section */
		5D9D420F2DA2FEFC003BB9B6 /* CrosswordBR */ = {
			isa = PBXFileSystemSynchronizedRootGroup;
			exceptions = (
				5D9D42352DA2FEFD003BB9B6 /* Exceptions for "CrosswordBR" folder in "CrosswordBR" target */,
			);
			path = CrosswordBR;
			sourceTree = "<group>";
		};
		5D9D42262DA2FEFD003BB9B6 /* CrosswordBRTests */ = {
			isa = PBXFileSystemSynchronizedRootGroup;
			path = CrosswordBRTests;
			sourceTree = "<group>";
		};
		5D9D42302DA2FEFD003BB9B6 /* CrosswordBRUITests */ = {
			isa = PBXFileSystemSynchronizedRootGroup;
			path = CrosswordBRUITests;
			sourceTree = "<group>";
		};
/* End PBXFileSystemSynchronizedRootGroup section */

/* Begin PBXFrameworksBuildPhase section */
		5D9D420A2DA2FEFC003BB9B6 /* Frameworks */ = {
			isa = PBXFrameworksBuildPhase;
			buildActionMask = 2147483647;
			files = (
			);
			runOnlyForDeploymentPostprocessing = 0;
		};
		5D9D42202DA2FEFD003BB9B6 /* Frameworks */ = {
			isa = PBXFrameworksBuildPhase;
			buildActionMask = 2147483647;
			files = (
			);
			runOnlyForDeploymentPostprocessing = 0;
		};
		5D9D422A2DA2FEFD003BB9B6 /* Frameworks */ = {
			isa = PBXFrameworksBuildPhase;
			buildActionMask = 2147483647;
			files = (
			);
			runOnlyForDeploymentPostprocessing = 0;
		};
/* End PBXFrameworksBuildPhase section */

/* Begin PBXGroup section */
		5D9D42042DA2FEFC003BB9B6 = {
			isa = PBXGroup;
			children = (
				5D9D420F2DA2FEFC003BB9B6 /* CrosswordBR */,
				5D9D42262DA2FEFD003BB9B6 /* CrosswordBRTests */,
				5D9D42302DA2FEFD003BB9B6 /* CrosswordBRUITests */,
				5D9D420E2DA2FEFC003BB9B6 /* Products */,
			);
			sourceTree = "<group>";
		};
		5D9D420E2DA2FEFC003BB9B6 /* Products */ = {
			isa = PBXGroup;
			children = (
				5D9D420D2DA2FEFC003BB9B6 /* CrosswordBR.app */,
				5D9D42232DA2FEFD003BB9B6 /* CrosswordBRTests.xctest */,
				5D9D422D2DA2FEFD003BB9B6 /* CrosswordBRUITests.xctest */,
			);
			name = Products;
			sourceTree = "<group>";
		};
/* End PBXGroup section */

/* Begin PBXNativeTarget section */
		5D9D420C2DA2FEFC003BB9B6 /* CrosswordBR */ = {
			isa = PBXNativeTarget;
			buildConfigurationList = 5D9D42362DA2FEFD003BB9B6 /* Build configuration list for PBXNativeTarget "CrosswordBR" */;
			buildPhases = (
				5D9D42092DA2FEFC003BB9B6 /* Sources */,
				5D9D420A2DA2FEFC003BB9B6 /* Frameworks */,
				5D9D420B2DA2FEFC003BB9B6 /* Resources */,
			);
			buildRules = (
			);
			dependencies = (
			);
			fileSystemSynchronizedGroups = (
				5D9D420F2DA2FEFC003BB9B6 /* CrosswordBR */,
			);
			name = CrosswordBR;
			packageProductDependencies = (
			);
			productName = CrosswordBR;
			productReference = 5D9D420D2DA2FEFC003BB9B6 /* CrosswordBR.app */;
			productType = "com.apple.product-type.application";
		};
		5D9D42222DA2FEFD003BB9B6 /* CrosswordBRTests */ = {
			isa = PBXNativeTarget;
			buildConfigurationList = 5D9D423B2DA2FEFD003BB9B6 /* Build configuration list for PBXNativeTarget "CrosswordBRTests" */;
			buildPhases = (
				5D9D421F2DA2FEFD003BB9B6 /* Sources */,
				5D9D42202DA2FEFD003BB9B6 /* Frameworks */,
				5D9D42212DA2FEFD003BB9B6 /* Resources */,
			);
			buildRules = (
			);
			dependencies = (
				5D9D42252DA2FEFD003BB9B6 /* PBXTargetDependency */,
			);
			fileSystemSynchronizedGroups = (
				5D9D42262DA2FEFD003BB9B6 /* CrosswordBRTests */,
			);
			name = CrosswordBRTests;
			packageProductDependencies = (
			);
			productName = CrosswordBRTests;
			productReference = 5D9D42232DA2FEFD003BB9B6 /* CrosswordBRTests.xctest */;
			productType = "com.apple.product-type.bundle.unit-test";
		};
		5D9D422C2DA2FEFD003BB9B6 /* CrosswordBRUITests */ = {
			isa = PBXNativeTarget;
			buildConfigurationList = 5D9D423E2DA2FEFD003BB9B6 /* Build configuration list for PBXNativeTarget "CrosswordBRUITests" */;
			buildPhases = (
				5D9D42292DA2FEFD003BB9B6 /* Sources */,
				5D9D422A2DA2FEFD003BB9B6 /* Frameworks */,
				5D9D422B2DA2FEFD003BB9B6 /* Resources */,
			);
			buildRules = (
			);
			dependencies = (
				5D9D422F2DA2FEFD003BB9B6 /* PBXTargetDependency */,
			);
			fileSystemSynchronizedGroups = (
				5D9D42302DA2FEFD003BB9B6 /* CrosswordBRUITests */,
			);
			name = CrosswordBRUITests;
			packageProductDependencies = (
			);
			productName = CrosswordBRUITests;
			productReference = 5D9D422D2DA2FEFD003BB9B6 /* CrosswordBRUITests.xctest */;
			productType = "com.apple.product-type.bundle.ui-testing";
		};
/* End PBXNativeTarget section */

/* Begin PBXProject section */
		5D9D42052DA2FEFC003BB9B6 /* Project object */ = {
			isa = PBXProject;
			attributes = {
				BuildIndependentTargetsInParallel = 1;
				LastSwiftUpdateCheck = 1620;
				LastUpgradeCheck = 1620;
				TargetAttributes = {
					5D9D420C2DA2FEFC003BB9B6 = {
						CreatedOnToolsVersion = 16.2;
					};
					5D9D42222DA2FEFD003BB9B6 = {
						CreatedOnToolsVersion = 16.2;
						TestTargetID = 5D9D420C2DA2FEFC003BB9B6;
					};
					5D9D422C2DA2FEFD003BB9B6 = {
						CreatedOnToolsVersion = 16.2;
						TestTargetID = 5D9D420C2DA2FEFC003BB9B6;
					};
				};
			};
			buildConfigurationList = 5D9D42082DA2FEFC003BB9B6 /* Build configuration list for PBXProject "CrosswordBR" */;
			developmentRegion = en;
			hasScannedForEncodings = 0;
			knownRegions = (
				en,
				Base,
			);
			mainGroup = 5D9D42042DA2FEFC003BB9B6;
			minimizedProjectReferenceProxies = 1;
			preferredProjectObjectVersion = 77;
			productRefGroup = 5D9D420E2DA2FEFC003BB9B6 /* Products */;
			projectDirPath = "";
			projectRoot = "";
			targets = (
				5D9D420C2DA2FEFC003BB9B6 /* CrosswordBR */,
				5D9D42222DA2FEFD003BB9B6 /* CrosswordBRTests */,
				5D9D422C2DA2FEFD003BB9B6 /* CrosswordBRUITests */,
			);
		};
/* End PBXProject section */

/* Begin PBXResourcesBuildPhase section */
		5D9D420B2DA2FEFC003BB9B6 /* Resources */ = {
			isa = PBXResourcesBuildPhase;
			buildActionMask = 2147483647;
			files = (
			);
			runOnlyForDeploymentPostprocessing = 0;
		};
		5D9D42212DA2FEFD003BB9B6 /* Resources */ = {
			isa = PBXResourcesBuildPhase;
			buildActionMask = 2147483647;
			files = (
			);
			runOnlyForDeploymentPostprocessing = 0;
		};
		5D9D422B2DA2FEFD003BB9B6 /* Resources */ = {
			isa = PBXResourcesBuildPhase;
			buildActionMask = 2147483647;
			files = (
			);
			runOnlyForDeploymentPostprocessing = 0;
		};
/* End PBXResourcesBuildPhase section */

/* Begin PBXSourcesBuildPhase section */
		5D9D42092DA2FEFC003BB9B6 /* Sources */ = {
			isa = PBXSourcesBuildPhase;
			buildActionMask = 2147483647;
			files = (
			);
			runOnlyForDeploymentPostprocessing = 0;
		};
		5D9D421F2DA2FEFD003BB9B6 /* Sources */ = {
			isa = PBXSourcesBuildPhase;
			buildActionMask = 2147483647;
			files = (
			);
			runOnlyForDeploymentPostprocessing = 0;
		};
		5D9D42292DA2FEFD003BB9B6 /* Sources */ = {
			isa = PBXSourcesBuildPhase;
			buildActionMask = 2147483647;
			files = (
			);
			runOnlyForDeploymentPostprocessing = 0;
		};
/* End PBXSourcesBuildPhase section */

/* Begin PBXTargetDependency section */
		5D9D42252DA2FEFD003BB9B6 /* PBXTargetDependency */ = {
			isa = PBXTargetDependency;
			target = 5D9D420C2DA2FEFC003BB9B6 /* CrosswordBR */;
			targetProxy = 5D9D42242DA2FEFD003BB9B6 /* PBXContainerItemProxy */;
		};
		5D9D422F2DA2FEFD003BB9B6 /* PBXTargetDependency */ = {
			isa = PBXTargetDependency;
			target = 5D9D420C2DA2FEFC003BB9B6 /* CrosswordBR */;
			targetProxy = 5D9D422E2DA2FEFD003BB9B6 /* PBXContainerItemProxy */;
		};
/* End PBXTargetDependency section */

/* Begin XCBuildConfiguration section */
		5D9D42372DA2FEFD003BB9B6 /* Debug */ = {
			isa = XCBuildConfiguration;
			buildSettings = {
				ASSETCATALOG_COMPILER_APPICON_NAME = AppIcon;
				ASSETCATALOG_COMPILER_GLOBAL_ACCENT_COLOR_NAME = AccentColor;
				CODE_SIGN_STYLE = Automatic;
				CURRENT_PROJECT_VERSION = 1;
				GENERATE_INFOPLIST_FILE = YES;
				INFOPLIST_FILE = CrosswordBR/Info.plist;
				INFOPLIST_KEY_UIApplicationSupportsIndirectInputEvents = YES;
				INFOPLIST_KEY_UILaunchStoryboardName = LaunchScreen;
				INFOPLIST_KEY_UIMainStoryboardFile = Main;
				INFOPLIST_KEY_UISupportedInterfaceOrientations_iPad = "UIInterfaceOrientationPortrait UIInterfaceOrientationPortraitUpsideDown UIInterfaceOrientationLandscapeLeft UIInterfaceOrientationLandscapeRight";
				INFOPLIST_KEY_UISupportedInterfaceOrientations_iPhone = "UIInterfaceOrientationPortrait UIInterfaceOrientationLandscapeLeft UIInterfaceOrientationLandscapeRight";
				LD_RUNPATH_SEARCH_PATHS = (
					"$(inherited)",
					"@executable_path/Frameworks",
				);
				MARKETING_VERSION = 1.0;
				PRODUCT_BUNDLE_IDENTIFIER = tech.bblabs.CrosswordBR;
				PRODUCT_NAME = "$(TARGET_NAME)";
				SWIFT_EMIT_LOC_STRINGS = YES;
				SWIFT_VERSION = 5.0;
				TARGETED_DEVICE_FAMILY = "1,2";
			};
			name = Debug;
		};
		5D9D42382DA2FEFD003BB9B6 /* Release */ = {
			isa = XCBuildConfiguration;
			buildSettings = {
				ASSETCATALOG_COMPILER_APPICON_NAME = AppIcon;
				ASSETCATALOG_COMPILER_GLOBAL_ACCENT_COLOR_NAME = AccentColor;
				CODE_SIGN_STYLE = Automatic;
				CURRENT_PROJECT_VERSION = 1;
				GENERATE_INFOPLIST_FILE = YES;
				INFOPLIST_FILE = CrosswordBR/Info.plist;
				INFOPLIST_KEY_UIApplicationSupportsIndirectInputEvents = YES;
				INFOPLIST_KEY_UILaunchStoryboardName = LaunchScreen;
				INFOPLIST_KEY_UIMainStoryboardFile = Main;
				INFOPLIST_KEY_UISupportedInterfaceOrientations_iPad = "UIInterfaceOrientationPortrait UIInterfaceOrientationPortraitUpsideDown UIInterfaceOrientationLandscapeLeft UIInterfaceOrientationLandscapeRight";
				INFOPLIST_KEY_UISupportedInterfaceOrientations_iPhone = "UIInterfaceOrientationPortrait UIInterfaceOrientationLandscapeLeft UIInterfaceOrientationLandscapeRight";
				LD_RUNPATH_SEARCH_PATHS = (
					"$(inherited)",
					"@executable_path/Frameworks",
				);
				MARKETING_VERSION = 1.0;
				PRODUCT_BUNDLE_IDENTIFIER = tech.bblabs.CrosswordBR;
				PRODUCT_NAME = "$(TARGET_NAME)";
				SWIFT_EMIT_LOC_STRINGS = YES;
				SWIFT_VERSION = 5.0;
				TARGETED_DEVICE_FAMILY = "1,2";
			};
			name = Release;
		};
		5D9D42392DA2FEFD003BB9B6 /* Debug */ = {
			isa = XCBuildConfiguration;
			buildSettings = {
				ALWAYS_SEARCH_USER_PATHS = NO;
				ASSETCATALOG_COMPILER_GENERATE_SWIFT_ASSET_SYMBOL_EXTENSIONS = YES;
				CLANG_ANALYZER_NONNULL = YES;
				CLANG_ANALYZER_NUMBER_OBJECT_CONVERSION = YES_AGGRESSIVE;
				CLANG_CXX_LANGUAGE_STANDARD = "gnu++20";
				CLANG_ENABLE_MODULES = YES;
				CLANG_ENABLE_OBJC_ARC = YES;
				CLANG_ENABLE_OBJC_WEAK = YES;
				CLANG_WARN_BLOCK_CAPTURE_AUTORELEASING = YES;
				CLANG_WARN_BOOL_CONVERSION = YES;
				CLANG_WARN_COMMA = YES;
				CLANG_WARN_CONSTANT_CONVERSION = YES;
				CLANG_WARN_DEPRECATED_OBJC_IMPLEMENTATIONS = YES;
				CLANG_WARN_DIRECT_OBJC_ISA_USAGE = YES_ERROR;
				CLANG_WARN_DOCUMENTATION_COMMENTS = YES;
				CLANG_WARN_EMPTY_BODY = YES;
				CLANG_WARN_ENUM_CONVERSION = YES;
				CLANG_WARN_INFINITE_RECURSION = YES;
				CLANG_WARN_INT_CONVERSION = YES;
				CLANG_WARN_NON_LITERAL_NULL_CONVERSION = YES;
				CLANG_WARN_OBJC_IMPLICIT_RETAIN_SELF = YES;
				CLANG_WARN_OBJC_LITERAL_CONVERSION = YES;
				CLANG_WARN_OBJC_ROOT_CLASS = YES_ERROR;
				CLANG_WARN_QUOTED_INCLUDE_IN_FRAMEWORK_HEADER = YES;
				CLANG_WARN_RANGE_LOOP_ANALYSIS = YES;
				CLANG_WARN_STRICT_PROTOTYPES = YES;
				CLANG_WARN_SUSPICIOUS_MOVE = YES;
				CLANG_WARN_UNGUARDED_AVAILABILITY = YES_AGGRESSIVE;
				CLANG_WARN_UNREACHABLE_CODE = YES;
				CLANG_WARN__DUPLICATE_METHOD_MATCH = YES;
				COPY_PHASE_STRIP = NO;
				DEBUG_INFORMATION_FORMAT = dwarf;
				ENABLE_STRICT_OBJC_MSGSEND = YES;
				ENABLE_TESTABILITY = YES;
				ENABLE_USER_SCRIPT_SANDBOXING = YES;
				GCC_C_LANGUAGE_STANDARD = gnu17;
				GCC_DYNAMIC_NO_PIC = NO;
				GCC_NO_COMMON_BLOCKS = YES;
				GCC_OPTIMIZATION_LEVEL = 0;
				GCC_PREPROCESSOR_DEFINITIONS = (
					"DEBUG=1",
					"$(inherited)",
				);
				GCC_WARN_64_TO_32_BIT_CONVERSION = YES;
				GCC_WARN_ABOUT_RETURN_TYPE = YES_ERROR;
				GCC_WARN_UNDECLARED_SELECTOR = YES;
				GCC_WARN_UNINITIALIZED_AUTOS = YES_AGGRESSIVE;
				GCC_WARN_UNUSED_FUNCTION = YES;
				GCC_WARN_UNUSED_VARIABLE = YES;
				IPHONEOS_DEPLOYMENT_TARGET = 18.2;
				LOCALIZATION_PREFERS_STRING_CATALOGS = YES;
				MTL_ENABLE_DEBUG_INFO = INCLUDE_SOURCE;
				MTL_FAST_MATH = YES;
				ONLY_ACTIVE_ARCH = YES;
				SDKROOT = iphoneos;
				SWIFT_ACTIVE_COMPILATION_CONDITIONS = "DEBUG $(inherited)";
				SWIFT_OPTIMIZATION_LEVEL = "-Onone";
			};
			name = Debug;
		};
		5D9D423A2DA2FEFD003BB9B6 /* Release */ = {
			isa = XCBuildConfiguration;
			buildSettings = {
				ALWAYS_SEARCH_USER_PATHS = NO;
				ASSETCATALOG_COMPILER_GENERATE_SWIFT_ASSET_SYMBOL_EXTENSIONS = YES;
				CLANG_ANALYZER_NONNULL = YES;
				CLANG_ANALYZER_NUMBER_OBJECT_CONVERSION = YES_AGGRESSIVE;
				CLANG_CXX_LANGUAGE_STANDARD = "gnu++20";
				CLANG_ENABLE_MODULES = YES;
				CLANG_ENABLE_OBJC_ARC = YES;
				CLANG_ENABLE_OBJC_WEAK = YES;
				CLANG_WARN_BLOCK_CAPTURE_AUTORELEASING = YES;
				CLANG_WARN_BOOL_CONVERSION = YES;
				CLANG_WARN_COMMA = YES;
				CLANG_WARN_CONSTANT_CONVERSION = YES;
				CLANG_WARN_DEPRECATED_OBJC_IMPLEMENTATIONS = YES;
				CLANG_WARN_DIRECT_OBJC_ISA_USAGE = YES_ERROR;
				CLANG_WARN_DOCUMENTATION_COMMENTS = YES;
				CLANG_WARN_EMPTY_BODY = YES;
				CLANG_WARN_ENUM_CONVERSION = YES;
				CLANG_WARN_INFINITE_RECURSION = YES;
				CLANG_WARN_INT_CONVERSION = YES;
				CLANG_WARN_NON_LITERAL_NULL_CONVERSION = YES;
				CLANG_WARN_OBJC_IMPLICIT_RETAIN_SELF = YES;
				CLANG_WARN_OBJC_LITERAL_CONVERSION = YES;
				CLANG_WARN_OBJC_ROOT_CLASS = YES_ERROR;
				CLANG_WARN_QUOTED_INCLUDE_IN_FRAMEWORK_HEADER = YES;
				CLANG_WARN_RANGE_LOOP_ANALYSIS = YES;
				CLANG_WARN_STRICT_PROTOTYPES = YES;
				CLANG_WARN_SUSPICIOUS_MOVE = YES;
				CLANG_WARN_UNGUARDED_AVAILABILITY = YES_AGGRESSIVE;
				CLANG_WARN_UNREACHABLE_CODE = YES;
				CLANG_WARN__DUPLICATE_METHOD_MATCH = YES;
				COPY_PHASE_STRIP = NO;
				DEBUG_INFORMATION_FORMAT = "dwarf-with-dsym";
				ENABLE_NS_ASSERTIONS = NO;
				ENABLE_STRICT_OBJC_MSGSEND = YES;
				ENABLE_USER_SCRIPT_SANDBOXING = YES;
				GCC_C_LANGUAGE_STANDARD = gnu17;
				GCC_NO_COMMON_BLOCKS = YES;
				GCC_WARN_64_TO_32_BIT_CONVERSION = YES;
				GCC_WARN_ABOUT_RETURN_TYPE = YES_ERROR;
				GCC_WARN_UNDECLARED_SELECTOR = YES;
				GCC_WARN_UNINITIALIZED_AUTOS = YES_AGGRESSIVE;
				GCC_WARN_UNUSED_FUNCTION = YES;
				GCC_WARN_UNUSED_VARIABLE = YES;
				IPHONEOS_DEPLOYMENT_TARGET = 18.2;
				LOCALIZATION_PREFERS_STRING_CATALOGS = YES;
				MTL_ENABLE_DEBUG_INFO = NO;
				MTL_FAST_MATH = YES;
				SDKROOT = iphoneos;
				SWIFT_COMPILATION_MODE = wholemodule;
				VALIDATE_PRODUCT = YES;
			};
			name = Release;
		};
		5D9D423C2DA2FEFD003BB9B6 /* Debug */ = {
			isa = XCBuildConfiguration;
			buildSettings = {
				BUNDLE_LOADER = "$(TEST_HOST)";
				CODE_SIGN_STYLE = Automatic;
				CURRENT_PROJECT_VERSION = 1;
				GENERATE_INFOPLIST_FILE = YES;
				IPHONEOS_DEPLOYMENT_TARGET = 18.2;
				MARKETING_VERSION = 1.0;
				PRODUCT_BUNDLE_IDENTIFIER = tech.bblabs.CrosswordBRTests;
				PRODUCT_NAME = "$(TARGET_NAME)";
				SWIFT_EMIT_LOC_STRINGS = NO;
				SWIFT_VERSION = 5.0;
				TARGETED_DEVICE_FAMILY = "1,2";
				TEST_HOST = "$(BUILT_PRODUCTS_DIR)/CrosswordBR.app/$(BUNDLE_EXECUTABLE_FOLDER_PATH)/CrosswordBR";
			};
			name = Debug;
		};
		5D9D423D2DA2FEFD003BB9B6 /* Release */ = {
			isa = XCBuildConfiguration;
			buildSettings = {
				BUNDLE_LOADER = "$(TEST_HOST)";
				CODE_SIGN_STYLE = Automatic;
				CURRENT_PROJECT_VERSION = 1;
				GENERATE_INFOPLIST_FILE = YES;
				IPHONEOS_DEPLOYMENT_TARGET = 18.2;
				MARKETING_VERSION = 1.0;
				PRODUCT_BUNDLE_IDENTIFIER = tech.bblabs.CrosswordBRTests;
				PRODUCT_NAME = "$(TARGET_NAME)";
				SWIFT_EMIT_LOC_STRINGS = NO;
				SWIFT_VERSION = 5.0;
				TARGETED_DEVICE_FAMILY = "1,2";
				TEST_HOST = "$(BUILT_PRODUCTS_DIR)/CrosswordBR.app/$(BUNDLE_EXECUTABLE_FOLDER_PATH)/CrosswordBR";
			};
			name = Release;
		};
		5D9D423F2DA2FEFD003BB9B6 /* Debug */ = {
			isa = XCBuildConfiguration;
			buildSettings = {
				CODE_SIGN_STYLE = Automatic;
				CURRENT_PROJECT_VERSION = 1;
				GENERATE_INFOPLIST_FILE = YES;
				MARKETING_VERSION = 1.0;
				PRODUCT_BUNDLE_IDENTIFIER = tech.bblabs.CrosswordBRUITests;
				PRODUCT_NAME = "$(TARGET_NAME)";
				SWIFT_EMIT_LOC_STRINGS = NO;
				SWIFT_VERSION = 5.0;
				TARGETED_DEVICE_FAMILY = "1,2";
				TEST_TARGET_NAME = CrosswordBR;
			};
			name = Debug;
		};
		5D9D42402DA2FEFD003BB9B6 /* Release */ = {
			isa = XCBuildConfiguration;
			buildSettings = {
				CODE_SIGN_STYLE = Automatic;
				CURRENT_PROJECT_VERSION = 1;
				GENERATE_INFOPLIST_FILE = YES;
				MARKETING_VERSION = 1.0;
				PRODUCT_BUNDLE_IDENTIFIER = tech.bblabs.CrosswordBRUITests;
				PRODUCT_NAME = "$(TARGET_NAME)";
				SWIFT_EMIT_LOC_STRINGS = NO;
				SWIFT_VERSION = 5.0;
				TARGETED_DEVICE_FAMILY = "1,2";
				TEST_TARGET_NAME = CrosswordBR;
			};
			name = Release;
		};
/* End XCBuildConfiguration section */

/* Begin XCConfigurationList section */
		5D9D42082DA2FEFC003BB9B6 /* Build configuration list for PBXProject "CrosswordBR" */ = {
			isa = XCConfigurationList;
			buildConfigurations = (
				5D9D42392DA2FEFD003BB9B6 /* Debug */,
				5D9D423A2DA2FEFD003BB9B6 /* Release */,
			);
			defaultConfigurationIsVisible = 0;
			defaultConfigurationName = Release;
		};
		5D9D42362DA2FEFD003BB9B6 /* Build configuration list for PBXNativeTarget "CrosswordBR" */ = {
			isa = XCConfigurationList;
			buildConfigurations = (
				5D9D42372DA2FEFD003BB9B6 /* Debug */,
				5D9D42382DA2FEFD003BB9B6 /* Release */,
			);
			defaultConfigurationIsVisible = 0;
			defaultConfigurationName = Release;
		};
		5D9D423B2DA2FEFD003BB9B6 /* Build configuration list for PBXNativeTarget "CrosswordBRTests" */ = {
			isa = XCConfigurationList;
			buildConfigurations = (
				5D9D423C2DA2FEFD003BB9B6 /* Debug */,
				5D9D423D2DA2FEFD003BB9B6 /* Release */,
			);
			defaultConfigurationIsVisible = 0;
			defaultConfigurationName = Release;
		};
		5D9D423E2DA2FEFD003BB9B6 /* Build configuration list for PBXNativeTarget "CrosswordBRUITests" */ = {
			isa = XCConfigurationList;
			buildConfigurations = (
				5D9D423F2DA2FEFD003BB9B6 /* Debug */,
				5D9D42402DA2FEFD003BB9B6 /* Release */,
			);
			defaultConfigurationIsVisible = 0;
			defaultConfigurationName = Release;
		};
/* End XCConfigurationList section */
	};
	rootObject = 5D9D42052DA2FEFC003BB9B6 /* Project object */;
}
